// !$*UTF8*$!
{
	archiveVersion = 1;
	classes = {
	};
	objectVersion = 46;
	objects = {

/* Begin PBXBuildFile section */
		5FC48D3F1ACC3C2D00D4452A /* ClipboardUtils.h in CopyFiles */ = {isa = PBXBuildFile; fileRef = 5FC48D3E1ACC3C2D00D4452A /* ClipboardUtils.h */; };
		5FC48D411ACC3C2D00D4452A /* ClipboardUtils.m in Sources */ = {isa = PBXBuildFile; fileRef = 5FC48D401ACC3C2D00D4452A /* ClipboardUtils.m */; };
		5FC48D471ACC3C2D00D4452A /* libClipboardUtils.a in Frameworks */ = {isa = PBXBuildFile; fileRef = 5FC48D3B1ACC3C2D00D4452A /* libClipboardUtils.a */; };
/* End PBXBuildFile section */

/* Begin PBXContainerItemProxy section */
		5FC48D481ACC3C2D00D4452A /* PBXContainerItemProxy */ = {
			isa = PBXContainerItemProxy;
			containerPortal = 5FC48D331ACC3C2C00D4452A /* Project object */;
			proxyType = 1;
			remoteGlobalIDString = 5FC48D3A1ACC3C2D00D4452A;
			remoteInfo = ClipboardUtils;
		};
/* End PBXContainerItemProxy section */

/* Begin PBXCopyFilesBuildPhase section */
		5FC48D391ACC3C2D00D4452A /* CopyFiles */ = {
			isa = PBXCopyFilesBuildPhase;
			buildActionMask = 2147483647;
			dstPath = "include/$(PRODUCT_NAME)";
			dstSubfolderSpec = 16;
			files = (
				5FC48D3F1ACC3C2D00D4452A /* ClipboardUtils.h in CopyFiles */,
			);
			runOnlyForDeploymentPostprocessing = 0;
		};
/* End PBXCopyFilesBuildPhase section */

/* Begin PBXFileReference section */
		5FC48D3B1ACC3C2D00D4452A /* libClipboardUtils.a */ = {isa = PBXFileReference; explicitFileType = archive.ar; includeInIndex = 0; path = libClipboardUtils.a; sourceTree = BUILT_PRODUCTS_DIR; };
		5FC48D3E1ACC3C2D00D4452A /* ClipboardUtils.h */ = {isa = PBXFileReference; lastKnownFileType = sourcecode.c.h; path = ClipboardUtils.h; sourceTree = "<group>"; };
		5FC48D401ACC3C2D00D4452A /* ClipboardUtils.m */ = {isa = PBXFileReference; lastKnownFileType = sourcecode.c.objc; path = ClipboardUtils.m; sourceTree = "<group>"; };
		5FC48D461ACC3C2D00D4452A /* ClipboardUtilsTests.xctest */ = {isa = PBXFileReference; explicitFileType = wrapper.cfbundle; includeInIndex = 0; path = ClipboardUtilsTests.xctest; sourceTree = BUILT_PRODUCTS_DIR; };
		5FC48D4C1ACC3C2D00D4452A /* Info.plist */ = {isa = PBXFileReference; lastKnownFileType = text.plist.xml; path = Info.plist; sourceTree = "<group>"; };
/* End PBXFileReference section */

/* Begin PBXFrameworksBuildPhase section */
		5FC48D381ACC3C2D00D4452A /* Frameworks */ = {
			isa = PBXFrameworksBuildPhase;
			buildActionMask = 2147483647;
			files = (
			);
			runOnlyForDeploymentPostprocessing = 0;
		};
		5FC48D431ACC3C2D00D4452A /* Frameworks */ = {
			isa = PBXFrameworksBuildPhase;
			buildActionMask = 2147483647;
			files = (
				5FC48D471ACC3C2D00D4452A /* libClipboardUtils.a in Frameworks */,
			);
			runOnlyForDeploymentPostprocessing = 0;
		};
/* End PBXFrameworksBuildPhase section */

/* Begin PBXGroup section */
		5FC48D321ACC3C2C00D4452A = {
			isa = PBXGroup;
			children = (
				5FC48D3D1ACC3C2D00D4452A /* ClipboardUtils */,
				5FC48D4A1ACC3C2D00D4452A /* ClipboardUtilsTests */,
				5FC48D3C1ACC3C2D00D4452A /* Products */,
			);
			sourceTree = "<group>";
		};
		5FC48D3C1ACC3C2D00D4452A /* Products */ = {
			isa = PBXGroup;
			children = (
				5FC48D3B1ACC3C2D00D4452A /* libClipboardUtils.a */,
				5FC48D461ACC3C2D00D4452A /* ClipboardUtilsTests.xctest */,
			);
			name = Products;
			sourceTree = "<group>";
		};
		5FC48D3D1ACC3C2D00D4452A /* ClipboardUtils */ = {
			isa = PBXGroup;
			children = (
				5FC48D3E1ACC3C2D00D4452A /* ClipboardUtils.h */,
				5FC48D401ACC3C2D00D4452A /* ClipboardUtils.m */,
			);
			path = ClipboardUtils;
			sourceTree = "<group>";
		};
		5FC48D4A1ACC3C2D00D4452A /* ClipboardUtilsTests */ = {
			isa = PBXGroup;
			children = (
				5FC48D4B1ACC3C2D00D4452A /* Supporting Files */,
			);
			path = ClipboardUtilsTests;
			sourceTree = "<group>";
		};
		5FC48D4B1ACC3C2D00D4452A /* Supporting Files */ = {
			isa = PBXGroup;
			children = (
				5FC48D4C1ACC3C2D00D4452A /* Info.plist */,
			);
			name = "Supporting Files";
			sourceTree = "<group>";
		};
/* End PBXGroup section */

/* Begin PBXNativeTarget section */
		5FC48D3A1ACC3C2D00D4452A /* ClipboardUtils */ = {
			isa = PBXNativeTarget;
			buildConfigurationList = 5FC48D4F1ACC3C2D00D4452A /* Build configuration list for PBXNativeTarget "ClipboardUtils" */;
			buildPhases = (
				5FC48D371ACC3C2D00D4452A /* Sources */,
				5FC48D381ACC3C2D00D4452A /* Frameworks */,
				5FC48D391ACC3C2D00D4452A /* CopyFiles */,
			);
			buildRules = (
			);
			dependencies = (
			);
			name = ClipboardUtils;
			productName = ClipboardUtils;
			productReference = 5FC48D3B1ACC3C2D00D4452A /* libClipboardUtils.a */;
			productType = "com.apple.product-type.library.static";
		};
		5FC48D451ACC3C2D00D4452A /* ClipboardUtilsTests */ = {
			isa = PBXNativeTarget;
			buildConfigurationList = 5FC48D521ACC3C2D00D4452A /* Build configuration list for PBXNativeTarget "ClipboardUtilsTests" */;
			buildPhases = (
				5FC48D421ACC3C2D00D4452A /* Sources */,
				5FC48D431ACC3C2D00D4452A /* Frameworks */,
				5FC48D441ACC3C2D00D4452A /* Resources */,
			);
			buildRules = (
			);
			dependencies = (
				5FC48D491ACC3C2D00D4452A /* PBXTargetDependency */,
			);
			name = ClipboardUtilsTests;
			productName = ClipboardUtilsTests;
			productReference = 5FC48D461ACC3C2D00D4452A /* ClipboardUtilsTests.xctest */;
			productType = "com.apple.product-type.bundle.unit-test";
		};
/* End PBXNativeTarget section */

/* Begin PBXProject section */
		5FC48D331ACC3C2C00D4452A /* Project object */ = {
			isa = PBXProject;
			attributes = {
				LastUpgradeCheck = 0620;
				ORGANIZATIONNAME = PabloAlejandro;
				TargetAttributes = {
					5FC48D3A1ACC3C2D00D4452A = {
						CreatedOnToolsVersion = 6.2;
					};
					5FC48D451ACC3C2D00D4452A = {
						CreatedOnToolsVersion = 6.2;
					};
				};
			};
			buildConfigurationList = 5FC48D361ACC3C2C00D4452A /* Build configuration list for PBXProject "ClipboardUtils" */;
			compatibilityVersion = "Xcode 3.2";
			developmentRegion = English;
			hasScannedForEncodings = 0;
			knownRegions = (
				en,
			);
			mainGroup = 5FC48D321ACC3C2C00D4452A;
			productRefGroup = 5FC48D3C1ACC3C2D00D4452A /* Products */;
			projectDirPath = "";
			projectRoot = "";
			targets = (
				5FC48D3A1ACC3C2D00D4452A /* ClipboardUtils */,
				5FC48D451ACC3C2D00D4452A /* ClipboardUtilsTests */,
			);
		};
/* End PBXProject section */

/* Begin PBXResourcesBuildPhase section */
		5FC48D441ACC3C2D00D4452A /* Resources */ = {
			isa = PBXResourcesBuildPhase;
			buildActionMask = 2147483647;
			files = (
			);
			runOnlyForDeploymentPostprocessing = 0;
		};
/* End PBXResourcesBuildPhase section */

/* Begin PBXSourcesBuildPhase section */
		5FC48D371ACC3C2D00D4452A /* Sources */ = {
			isa = PBXSourcesBuildPhase;
			buildActionMask = 2147483647;
			files = (
				5FC48D411ACC3C2D00D4452A /* ClipboardUtils.m in Sources */,
			);
			runOnlyForDeploymentPostprocessing = 0;
		};
		5FC48D421ACC3C2D00D4452A /* Sources */ = {
			isa = PBXSourcesBuildPhase;
			buildActionMask = 2147483647;
			files = (
			);
			runOnlyForDeploymentPostprocessing = 0;
		};
/* End PBXSourcesBuildPhase section */

/* Begin PBXTargetDependency section */
		5FC48D491ACC3C2D00D4452A /* PBXTargetDependency */ = {
			isa = PBXTargetDependency;
			target = 5FC48D3A1ACC3C2D00D4452A /* ClipboardUtils */;
			targetProxy = 5FC48D481ACC3C2D00D4452A /* PBXContainerItemProxy */;
		};
/* End PBXTargetDependency section */

/* Begin XCBuildConfiguration section */
		5FC48D4D1ACC3C2D00D4452A /* Debug */ = {
			isa = XCBuildConfiguration;
			buildSettings = {
				ALWAYS_SEARCH_USER_PATHS = NO;
				CLANG_CXX_LANGUAGE_STANDARD = "gnu++0x";
				CLANG_CXX_LIBRARY = "libc++";
				CLANG_ENABLE_MODULES = YES;
				CLANG_ENABLE_OBJC_ARC = YES;
				CLANG_WARN_BOOL_CONVERSION = YES;
				CLANG_WARN_CONSTANT_CONVERSION = YES;
				CLANG_WARN_DIRECT_OBJC_ISA_USAGE = YES_ERROR;
				CLANG_WARN_EMPTY_BODY = YES;
				CLANG_WARN_ENUM_CONVERSION = YES;
				CLANG_WARN_INT_CONVERSION = YES;
				CLANG_WARN_OBJC_ROOT_CLASS = YES_ERROR;
				CLANG_WARN_UNREACHABLE_CODE = YES;
				CLANG_WARN__DUPLICATE_METHOD_MATCH = YES;
				COPY_PHASE_STRIP = NO;
				ENABLE_STRICT_OBJC_MSGSEND = YES;
				GCC_C_LANGUAGE_STANDARD = gnu99;
				GCC_DYNAMIC_NO_PIC = NO;
				GCC_OPTIMIZATION_LEVEL = 0;
				GCC_PREPROCESSOR_DEFINITIONS = (
					"DEBUG=1",
					"$(inherited)",
				);
				GCC_SYMBOLS_PRIVATE_EXTERN = NO;
				GCC_WARN_64_TO_32_BIT_CONVERSION = YES;
				GCC_WARN_ABOUT_RETURN_TYPE = YES_ERROR;
				GCC_WARN_UNDECLARED_SELECTOR = YES;
				GCC_WARN_UNINITIALIZED_AUTOS = YES_AGGRESSIVE;
				GCC_WARN_UNUSED_FUNCTION = YES;
				GCC_WARN_UNUSED_VARIABLE = YES;
				IPHONEOS_DEPLOYMENT_TARGET = 8.2;
				MTL_ENABLE_DEBUG_INFO = YES;
				ONLY_ACTIVE_ARCH = YES;
				SDKROOT = iphoneos;
			};
			name = Debug;
		};
		5FC48D4E1ACC3C2D00D4452A /* Release */ = {
			isa = XCBuildConfiguration;
			buildSettings = {
				ALWAYS_SEARCH_USER_PATHS = NO;
				CLANG_CXX_LANGUAGE_STANDARD = "gnu++0x";
				CLANG_CXX_LIBRARY = "libc++";
				CLANG_ENABLE_MODULES = YES;
				CLANG_ENABLE_OBJC_ARC = YES;
				CLANG_WARN_BOOL_CONVERSION = YES;
				CLANG_WARN_CONSTANT_CONVERSION = YES;
				CLANG_WARN_DIRECT_OBJC_ISA_USAGE = YES_ERROR;
				CLANG_WARN_EMPTY_BODY = YES;
				CLANG_WARN_ENUM_CONVERSION = YES;
				CLANG_WARN_INT_CONVERSION = YES;
				CLANG_WARN_OBJC_ROOT_CLASS = YES_ERROR;
				CLANG_WARN_UNREACHABLE_CODE = YES;
				CLANG_WARN__DUPLICATE_METHOD_MATCH = YES;
				COPY_PHASE_STRIP = NO;
				ENABLE_NS_ASSERTIONS = NO;
				ENABLE_STRICT_OBJC_MSGSEND = YES;
				GCC_C_LANGUAGE_STANDARD = gnu99;
				GCC_WARN_64_TO_32_BIT_CONVERSION = YES;
				GCC_WARN_ABOUT_RETURN_TYPE = YES_ERROR;
				GCC_WARN_UNDECLARED_SELECTOR = YES;
				GCC_WARN_UNINITIALIZED_AUTOS = YES_AGGRESSIVE;
				GCC_WARN_UNUSED_FUNCTION = YES;
				GCC_WARN_UNUSED_VARIABLE = YES;
				IPHONEOS_DEPLOYMENT_TARGET = 8.2;
				MTL_ENABLE_DEBUG_INFO = NO;
				SDKROOT = iphoneos;
				VALIDATE_PRODUCT = YES;
			};
			name = Release;
		};
		5FC48D501ACC3C2D00D4452A /* Debug */ = {
			isa = XCBuildConfiguration;
			buildSettings = {
				OTHER_LDFLAGS = "-ObjC";
				PRODUCT_NAME = "$(TARGET_NAME)";
				SKIP_INSTALL = YES;
			};
			name = Debug;
		};
		5FC48D511ACC3C2D00D4452A /* Release */ = {
			isa = XCBuildConfiguration;
			buildSettings = {
				OTHER_LDFLAGS = "-ObjC";
				PRODUCT_NAME = "$(TARGET_NAME)";
				SKIP_INSTALL = YES;
			};
			name = Release;
		};
		5FC48D531ACC3C2D00D4452A /* Debug */ = {
			isa = XCBuildConfiguration;
			buildSettings = {
				FRAMEWORK_SEARCH_PATHS = (
					"$(SDKROOT)/Developer/Library/Frameworks",
					"$(inherited)",
				);
				GCC_PREPROCESSOR_DEFINITIONS = (
					"DEBUG=1",
					"$(inherited)",
				);
				INFOPLIST_FILE = ClipboardUtilsTests/Info.plist;
				LD_RUNPATH_SEARCH_PATHS = "$(inherited) @executable_path/Frameworks @loader_path/Frameworks";
				PRODUCT_NAME = "$(TARGET_NAME)";
			};
			name = Debug;
		};
		5FC48D541ACC3C2D00D4452A /* Release */ = {
			isa = XCBuildConfiguration;
			buildSettings = {
				FRAMEWORK_SEARCH_PATHS = (
					"$(SDKROOT)/Developer/Library/Frameworks",
					"$(inherited)",
				);
				INFOPLIST_FILE = ClipboardUtilsTests/Info.plist;
				LD_RUNPATH_SEARCH_PATHS = "$(inherited) @executable_path/Frameworks @loader_path/Frameworks";
				PRODUCT_NAME = "$(TARGET_NAME)";
			};
			name = Release;
		};
/* End XCBuildConfiguration section */

/* Begin XCConfigurationList section */
		5FC48D361ACC3C2C00D4452A /* Build configuration list for PBXProject "ClipboardUtils" */ = {
			isa = XCConfigurationList;
			buildConfigurations = (
				5FC48D4D1ACC3C2D00D4452A /* Debug */,
				5FC48D4E1ACC3C2D00D4452A /* Release */,
			);
			defaultConfigurationIsVisible = 0;
			defaultConfigurationName = Release;
		};
		5FC48D4F1ACC3C2D00D4452A /* Build configuration list for PBXNativeTarget "ClipboardUtils" */ = {
			isa = XCConfigurationList;
			buildConfigurations = (
				5FC48D501ACC3C2D00D4452A /* Debug */,
				5FC48D511ACC3C2D00D4452A /* Release */,
			);
			defaultConfigurationIsVisible = 0;
		};
		5FC48D521ACC3C2D00D4452A /* Build configuration list for PBXNativeTarget "ClipboardUtilsTests" */ = {
			isa = XCConfigurationList;
			buildConfigurations = (
				5FC48D531ACC3C2D00D4452A /* Debug */,
				5FC48D541ACC3C2D00D4452A /* Release */,
			);
			defaultConfigurationIsVisible = 0;
		};
/* End XCConfigurationList section */
	};
	rootObject = 5FC48D331ACC3C2C00D4452A /* Project object */;
}
